
Microsoft Visual Studio Solution File, Format Version 12.00
# Visual Studio Version 17
VisualStudioVersion = 17.14.36908.2 d17.14
MinimumVisualStudioVersion = 10.0.40219.1
Project("{FAE04EC0-301F-11D3-BF4B-00C04F79EFBC}") = "NatSelect", "NatSelect\NatSelect.csproj", "{4C9EF790-428B-469C-B0B6-CEB1B23479B3}"
EndProject
Global
	GlobalSection(SolutionConfigurationPlatforms) = preSolution
		Debug|Any CPU = Debug|Any CPU
		Release|Any CPU = Release|Any CPU
	EndGlobalSection
	GlobalSection(ProjectConfigurationPlatforms) = postSolution
		{4C9EF790-428B-469C-B0B6-CEB1B23479B3}.Debug|Any CPU.ActiveCfg = Debug|Any CPU
		{4C9EF790-428B-469C-B0B6-CEB1B23479B3}.Debug|Any CPU.Build.0 = Debug|Any CPU
		{4C9EF790-428B-469C-B0B6-CEB1B23479B3}.Release|Any CPU.ActiveCfg = Release|Any CPU
		{4C9EF790-428B-469C-B0B6-CEB1B23479B3}.Release|Any CPU.Build.0 = Release|Any CPU
	EndGlobalSection
	GlobalSection(SolutionProperties) = preSolution
		HideSolutionNode = FALSE
	EndGlobalSection
	GlobalSection(ExtensibilityGlobals) = postSolution
		SolutionGuid = {38486510-9426-42FB-BCCE-38CAB81FA9F1}
	EndGlobalSection
EndGlobal
